github.com/davecgh/go-spew v1.1.0/go.mod h1:J7Y8YcW2NihsgmVo/mv3lAwl/skON4iLHjSsI+c5H38=
github.com/davecgh/go-spew v1.1.1/go.mod h1:J7Y8YcW2NihsgmVo/mv3lAwl/skON4iLHjSsI+c5H38=
github.com/joho/godotenv v1.5.1 h1:7eLL/+HRGLY0ldzfGMeQkb7vMd0as4CfYvUVzLqw0N0=
github.com/joho/godotenv v1.5.1/go.mod h1:f4LDr5Voq0i2e/R5DDNOoa2zzDfwtkZa6DnEwAbqwq4=
github.com/lucsky/cuid v1.2.1 h1:MtJrL2OFhvYufUIn48d35QGXyeTC8tn0upumW9WwTHg=
github.com/lucsky/cuid v1.2.1/go.mod h1:QaaJqckboimOmhRSJXSx/+IT+VTfxfPGSo/6mfgUfmE=
github.com/mutecomm/go-sqlcipher/v4 v4.4.2 h1:eM10bFtI4UvibIsKr10/QT7Yfz+NADfjZYh0GKrXUNc=
github.com/mutecomm/go-sqlcipher/v4 v4.4.2/go.mod h1:mF2UmIpBnzFeBdu/ypTDb/LdbS0nk0dfSN1WUsWTjMA=
github.com/pmezard/go-difflib v1.0.0/go.mod h1:iKH77koFhYxTK1pcRnkKkqfTogsbg7gZNVY4sRDYZ/4=
github.com/stretchr/objx v0.1.0/go.mod h1:HFkY916IF+rwdDfMAkV7OtwuqBVzrE8GR6GFx+wExME=
github.com/stretchr/testify v1.3.0/go.mod h1:M5WIy9Dh21IEIfnGCwXGc5bZfKNJtfHm1UVUgZn+9EI=
golang.org/x/crypto v0.48.0 h1:/VRzVqiRSggnhY7gNRxPauEQ5Drw9haKdM0jqfcCFts=
golang.org/x/crypto v0.48.0/go.mod h1:r0kV5h3qnFPlQnBSrULhlsRfryS2pmewsg+XfMgkVos=
golang.org/x/mobile v0.0.0-20260217195705-b56b3793a9c4 h1:uT3oYo9M38vJa7JpT4kCie2lJwOpoUrx7FvV0H7kXSc=
golang.org/x/mobile v0.0.0-20260217195705-b56b3793a9c4/go.mod h1:4OGHIUSBiIqyFAQDaX1tpY0BVnO20DvNDeATBu8aeFQ=
golang.org/x/sys v0.41.0 h1:Ivj+2Cp/ylzLiEU89QhWblYnOE9zerudt9Ftecq2C6k=
golang.org/x/sys v0.41.0/go.mod h1:OgkHotnGiDImocRcuBABYBEXf8A9a87e/uXjp9XT3ks=
